
Microsoft Visual Studio Solution File, Format Version 12.00
# Visual Studio Version 17
VisualStudioVersion = 17.10.35013.160
MinimumVisualStudioVersion = 10.0.40219.1
Project("{FAE04EC0-301F-11D3-BF4B-00C04F79EFBC}") = "Proje_Hastane", "Proje_Hastane.csproj", "{CA202EE9-FFBC-420B-9C78-AB7C04970FE8}"
EndProject
Global
	GlobalSection(SolutionConfigurationPlatforms) = preSolution
		Debug|Any CPU = Debug|Any CPU
		Release|Any CPU = Release|Any CPU
	EndGlobalSection
	GlobalSection(ProjectConfigurationPlatforms) = postSolution
		{CA202EE9-FFBC-420B-9C78-AB7C04970FE8}.Debug|Any CPU.ActiveCfg = Debug|Any CPU
		{CA202EE9-FFBC-420B-9C78-AB7C04970FE8}.Debug|Any CPU.Build.0 = Debug|Any CPU
		{CA202EE9-FFBC-420B-9C78-AB7C04970FE8}.Release|Any CPU.ActiveCfg = Release|Any CPU
		{CA202EE9-FFBC-420B-9C78-AB7C04970FE8}.Release|Any CPU.Build.0 = Release|Any CPU
	EndGlobalSection
	GlobalSection(SolutionProperties) = preSolution
		HideSolutionNode = FALSE
	EndGlobalSection
	GlobalSection(ExtensibilityGlobals) = postSolution
		SolutionGuid = {C8A4A89B-B690-461E-80D7-7CF8E9D1D6EC}
	EndGlobalSection
EndGlobal
